<?xml version="1.0" encoding="UTF-8"?>
<CONFIG>
  <ProjectOptions>
    <Version Value="12"/>
    <PathDelim Value="/"/>
    <General>
      <SessionStorage Value="InProjectDir"/>
      <Title Value="SerialSelectorTests"/>
      <ResourceType Value="res"/>
    </General>
    <BuildModes Count="1">
      <Item1 Name="default" Default="True"/>
    </BuildModes>
    <RequiredPackages Count="4">
      <Item1>
        <PackageName Value="FCL"/>
      </Item1>
      <Item2>
        <PackageName Value="LazUtils"/>
      </Item2>
      <Item3>
        <PackageName Value="LCL"/>
      </Item3>
      <Item4>
        <PackageName Value="IDEIntf"/>
      </Item4>
    </RequiredPackages>
    <Units Count="9">
      <Unit0>
        <Filename Value="serialselectortests.lpr"/>
        <IsPartOfProject Value="True"/>
      </Unit0>
      <Unit1>
        <Filename Value="serialselectorcomponenttests.pas"/>
        <IsPartOfProject Value="True"/>
        <UnitName Value="SerialSelectorComponentTests"/>
      </Unit1>
      <Unit2>
        <Filename Value="serialwatchercomponenttests.pas"/>
        <IsPartOfProject Value="True"/>
        <UnitName Value="SerialWatcherComponentTests"/>
      </Unit2>
      <Unit3>
        <Filename Value="lazseriallifecycletests.pas"/>
        <IsPartOfProject Value="True"/>
        <UnitName Value="LazSerialLifecycleTests"/>
      </Unit3>
      <Unit4>
        <Filename Value="lazserialthreadcontracttests.pas"/>
        <IsPartOfProject Value="True"/>
        <UnitName Value="LazSerialThreadContractTests"/>
      </Unit4>
      <Unit5>
        <Filename Value="seriallinuxchangesourcetests.pas"/>
        <IsPartOfProject Value="True"/>
        <UnitName Value="SerialLinuxChangeSourceTests"/>
      </Unit5>
      <Unit6>
        <Filename Value="serialwindowschangesourcetests.pas"/>
        <IsPartOfProject Value="True"/>
        <UnitName Value="SerialWindowsChangeSourceTests"/>
      </Unit6>
      <Unit7>
        <Filename Value="serialmacchangesourcetests.pas"/>
        <IsPartOfProject Value="True"/>
        <UnitName Value="SerialMacChangeSourceTests"/>
      </Unit7>
      <Unit8>
        <Filename Value="lazserialsetuptests.pas"/>
        <IsPartOfProject Value="True"/>
        <UnitName Value="LazSerialSetupTests"/>
      </Unit8>
    </Units>
  </ProjectOptions>
  <CompilerOptions>
    <Version Value="11"/>
    <PathDelim Value="/"/>
    <Target>
      <Filename Value=".test_build/serialselectortests"/>
    </Target>
    <SearchPaths>
      <OtherUnitFiles Value="../..;."/>
      <UnitOutputDirectory Value=".test_build/lib/$(TargetCPU)-$(TargetOS)"/>
    </SearchPaths>
    <Parsing>
      <SyntaxOptions>
        <IncludeAssertionCode Value="True"/>
      </SyntaxOptions>
    </Parsing>
    <CodeGeneration>
      <Checks>
        <IOChecks Value="True"/>
        <RangeChecks Value="True"/>
        <OverflowChecks Value="True"/>
      </Checks>
    </CodeGeneration>
    <Linking>
      <Debugging>
        <GenerateDebugInfo Value="False"/>
      </Debugging>
    </Linking>
  </CompilerOptions>
</CONFIG>
